
Microsoft Visual Studio Solution File, Format Version 12.00
# Visual Studio Version 16
VisualStudioVersion = 16.0.29411.108
MinimumVisualStudioVersion = 10.0.40219.1
Project("{9A19103F-16F7-4668-BE54-9A1E7A4F7556}") = "SRP.Wrong", "SRP1.Wrong\SRP.Wrong.csproj", "{29940821-F92E-471F-905A-DED44ADD7DD2}"
EndProject
Project("{9A19103F-16F7-4668-BE54-9A1E7A4F7556}") = "OCP.Right", "OCP.Right\OCP.Right.csproj", "{1786EFA9-D3F9-4AAD-8B7C-D52489D7111E}"
EndProject
Project("{9A19103F-16F7-4668-BE54-9A1E7A4F7556}") = "SRP.Right", "SRP1.Right\SRP.Right.csproj", "{5D5959F5-1604-43F1-A237-57BF06AF1A17}"
EndProject
Project("{9A19103F-16F7-4668-BE54-9A1E7A4F7556}") = "OCP.Wrong", "OCP.Wrong\OCP.Wrong.csproj", "{1FFBBBB7-DDE6-4BA5-BBBE-016DB945D30E}"
EndProject
Project("{9A19103F-16F7-4668-BE54-9A1E7A4F7556}") = "LSP.Wrong", "LSP.Wrong\LSP.Wrong.csproj", "{58F8B533-6934-4879-9B77-9057C673DFD8}"
EndProject
Project("{FAE04EC0-301F-11D3-BF4B-00C04F79EFBC}") = "ISP.Right", "ISP.Right\ISP.Right.csproj", "{535A64A6-EFC4-4D10-B597-DA1DB869BBC0}"
EndProject
Project("{FAE04EC0-301F-11D3-BF4B-00C04F79EFBC}") = "ISP.Wrong", "ISP.Wrong\ISP.Wrong.csproj", "{01E30239-C917-424D-98F6-C939FC8AF5FC}"
EndProject
Project("{9A19103F-16F7-4668-BE54-9A1E7A4F7556}") = "LSP.Wrong2", "LSP.Wrong2\LSP.Wrong2.csproj", "{E9383793-D7A4-4A5F-A70A-C9DBF046FA2E}"
EndProject
Project("{FAE04EC0-301F-11D3-BF4B-00C04F79EFBC}") = "DIP.Wrong", "DIP.Wrong\DIP.Wrong.csproj", "{F7AE74F2-1A76-418B-9174-93814999C153}"
EndProject
Project("{FAE04EC0-301F-11D3-BF4B-00C04F79EFBC}") = "DIP.Right", "DIP.Right\DIP.Right.csproj", "{BCF13BAA-B6DA-44B6-B8CC-F3B9AE2C1DD9}"
EndProject
Global
	GlobalSection(SolutionConfigurationPlatforms) = preSolution
		Debug|Any CPU = Debug|Any CPU
		Release|Any CPU = Release|Any CPU
	EndGlobalSection
	GlobalSection(ProjectConfigurationPlatforms) = postSolution
		{29940821-F92E-471F-905A-DED44ADD7DD2}.Debug|Any CPU.ActiveCfg = Debug|Any CPU
		{29940821-F92E-471F-905A-DED44ADD7DD2}.Debug|Any CPU.Build.0 = Debug|Any CPU
		{29940821-F92E-471F-905A-DED44ADD7DD2}.Release|Any CPU.ActiveCfg = Release|Any CPU
		{29940821-F92E-471F-905A-DED44ADD7DD2}.Release|Any CPU.Build.0 = Release|Any CPU
		{1786EFA9-D3F9-4AAD-8B7C-D52489D7111E}.Debug|Any CPU.ActiveCfg = Debug|Any CPU
		{1786EFA9-D3F9-4AAD-8B7C-D52489D7111E}.Debug|Any CPU.Build.0 = Debug|Any CPU
		{1786EFA9-D3F9-4AAD-8B7C-D52489D7111E}.Release|Any CPU.ActiveCfg = Release|Any CPU
		{1786EFA9-D3F9-4AAD-8B7C-D52489D7111E}.Release|Any CPU.Build.0 = Release|Any CPU
		{5D5959F5-1604-43F1-A237-57BF06AF1A17}.Debug|Any CPU.ActiveCfg = Debug|Any CPU
		{5D5959F5-1604-43F1-A237-57BF06AF1A17}.Debug|Any CPU.Build.0 = Debug|Any CPU
		{5D5959F5-1604-43F1-A237-57BF06AF1A17}.Release|Any CPU.ActiveCfg = Release|Any CPU
		{5D5959F5-1604-43F1-A237-57BF06AF1A17}.Release|Any CPU.Build.0 = Release|Any CPU
		{1FFBBBB7-DDE6-4BA5-BBBE-016DB945D30E}.Debug|Any CPU.ActiveCfg = Debug|Any CPU
		{1FFBBBB7-DDE6-4BA5-BBBE-016DB945D30E}.Debug|Any CPU.Build.0 = Debug|Any CPU
		{1FFBBBB7-DDE6-4BA5-BBBE-016DB945D30E}.Release|Any CPU.ActiveCfg = Release|Any CPU
		{1FFBBBB7-DDE6-4BA5-BBBE-016DB945D30E}.Release|Any CPU.Build.0 = Release|Any CPU
		{58F8B533-6934-4879-9B77-9057C673DFD8}.Debug|Any CPU.ActiveCfg = Debug|Any CPU
		{58F8B533-6934-4879-9B77-9057C673DFD8}.Debug|Any CPU.Build.0 = Debug|Any CPU
		{58F8B533-6934-4879-9B77-9057C673DFD8}.Release|Any CPU.ActiveCfg = Release|Any CPU
		{58F8B533-6934-4879-9B77-9057C673DFD8}.Release|Any CPU.Build.0 = Release|Any CPU
		{535A64A6-EFC4-4D10-B597-DA1DB869BBC0}.Debug|Any CPU.ActiveCfg = Debug|Any CPU
		{535A64A6-EFC4-4D10-B597-DA1DB869BBC0}.Debug|Any CPU.Build.0 = Debug|Any CPU
		{535A64A6-EFC4-4D10-B597-DA1DB869BBC0}.Release|Any CPU.ActiveCfg = Release|Any CPU
		{535A64A6-EFC4-4D10-B597-DA1DB869BBC0}.Release|Any CPU.Build.0 = Release|Any CPU
		{01E30239-C917-424D-98F6-C939FC8AF5FC}.Debug|Any CPU.ActiveCfg = Debug|Any CPU
		{01E30239-C917-424D-98F6-C939FC8AF5FC}.Debug|Any CPU.Build.0 = Debug|Any CPU
		{01E30239-C917-424D-98F6-C939FC8AF5FC}.Release|Any CPU.ActiveCfg = Release|Any CPU
		{01E30239-C917-424D-98F6-C939FC8AF5FC}.Release|Any CPU.Build.0 = Release|Any CPU
		{E9383793-D7A4-4A5F-A70A-C9DBF046FA2E}.Debug|Any CPU.ActiveCfg = Debug|Any CPU
		{E9383793-D7A4-4A5F-A70A-C9DBF046FA2E}.Debug|Any CPU.Build.0 = Debug|Any CPU
		{E9383793-D7A4-4A5F-A70A-C9DBF046FA2E}.Release|Any CPU.ActiveCfg = Release|Any CPU
		{E9383793-D7A4-4A5F-A70A-C9DBF046FA2E}.Release|Any CPU.Build.0 = Release|Any CPU
		{F7AE74F2-1A76-418B-9174-93814999C153}.Debug|Any CPU.ActiveCfg = Debug|Any CPU
		{F7AE74F2-1A76-418B-9174-93814999C153}.Debug|Any CPU.Build.0 = Debug|Any CPU
		{F7AE74F2-1A76-418B-9174-93814999C153}.Release|Any CPU.ActiveCfg = Release|Any CPU
		{F7AE74F2-1A76-418B-9174-93814999C153}.Release|Any CPU.Build.0 = Release|Any CPU
		{BCF13BAA-B6DA-44B6-B8CC-F3B9AE2C1DD9}.Debug|Any CPU.ActiveCfg = Debug|Any CPU
		{BCF13BAA-B6DA-44B6-B8CC-F3B9AE2C1DD9}.Debug|Any CPU.Build.0 = Debug|Any CPU
		{BCF13BAA-B6DA-44B6-B8CC-F3B9AE2C1DD9}.Release|Any CPU.ActiveCfg = Release|Any CPU
		{BCF13BAA-B6DA-44B6-B8CC-F3B9AE2C1DD9}.Release|Any CPU.Build.0 = Release|Any CPU
	EndGlobalSection
	GlobalSection(SolutionProperties) = preSolution
		HideSolutionNode = FALSE
	EndGlobalSection
	GlobalSection(ExtensibilityGlobals) = postSolution
		SolutionGuid = {7946A704-84E8-4527-AED4-A96EFFEF69D8}
	EndGlobalSection
EndGlobal
