
Microsoft Visual Studio Solution File, Format Version 12.00
# Visual Studio Version 16
VisualStudioVersion = 16.0.29411.108
MinimumVisualStudioVersion = 10.0.40219.1
Project("{9A19103F-16F7-4668-BE54-9A1E7A4F7556}") = "SRP1.Wrong", "SRP1.Wrong\SRP1.Wrong.csproj", "{29940821-F92E-471F-905A-DED44ADD7DD2}"
EndProject
Project("{9A19103F-16F7-4668-BE54-9A1E7A4F7556}") = "OCP.Right", "OCP.Right\OCP.Right.csproj", "{1786EFA9-D3F9-4AAD-8B7C-D52489D7111E}"
EndProject
Project("{9A19103F-16F7-4668-BE54-9A1E7A4F7556}") = "SRP1.Right", "SRP1.Right\SRP1.Right.csproj", "{5D5959F5-1604-43F1-A237-57BF06AF1A17}"
EndProject
Project("{9A19103F-16F7-4668-BE54-9A1E7A4F7556}") = "OCP.Wrong", "OCP.Wrong\OCP.Wrong.csproj", "{1FFBBBB7-DDE6-4BA5-BBBE-016DB945D30E}"
EndProject
Project("{FAE04EC0-301F-11D3-BF4B-00C04F79EFBC}") = "LSP.Wrong", "LSP\LSP.Wrong.csproj", "{F42E089B-01C4-476D-9676-5E86116159BB}"
EndProject
Global
	GlobalSection(SolutionConfigurationPlatforms) = preSolution
		Debug|Any CPU = Debug|Any CPU
		Release|Any CPU = Release|Any CPU
	EndGlobalSection
	GlobalSection(ProjectConfigurationPlatforms) = postSolution
		{29940821-F92E-471F-905A-DED44ADD7DD2}.Debug|Any CPU.ActiveCfg = Debug|Any CPU
		{29940821-F92E-471F-905A-DED44ADD7DD2}.Debug|Any CPU.Build.0 = Debug|Any CPU
		{29940821-F92E-471F-905A-DED44ADD7DD2}.Release|Any CPU.ActiveCfg = Release|Any CPU
		{29940821-F92E-471F-905A-DED44ADD7DD2}.Release|Any CPU.Build.0 = Release|Any CPU
		{1786EFA9-D3F9-4AAD-8B7C-D52489D7111E}.Debug|Any CPU.ActiveCfg = Debug|Any CPU
		{1786EFA9-D3F9-4AAD-8B7C-D52489D7111E}.Debug|Any CPU.Build.0 = Debug|Any CPU
		{1786EFA9-D3F9-4AAD-8B7C-D52489D7111E}.Release|Any CPU.ActiveCfg = Release|Any CPU
		{1786EFA9-D3F9-4AAD-8B7C-D52489D7111E}.Release|Any CPU.Build.0 = Release|Any CPU
		{5D5959F5-1604-43F1-A237-57BF06AF1A17}.Debug|Any CPU.ActiveCfg = Debug|Any CPU
		{5D5959F5-1604-43F1-A237-57BF06AF1A17}.Debug|Any CPU.Build.0 = Debug|Any CPU
		{5D5959F5-1604-43F1-A237-57BF06AF1A17}.Release|Any CPU.ActiveCfg = Release|Any CPU
		{5D5959F5-1604-43F1-A237-57BF06AF1A17}.Release|Any CPU.Build.0 = Release|Any CPU
		{1FFBBBB7-DDE6-4BA5-BBBE-016DB945D30E}.Debug|Any CPU.ActiveCfg = Debug|Any CPU
		{1FFBBBB7-DDE6-4BA5-BBBE-016DB945D30E}.Debug|Any CPU.Build.0 = Debug|Any CPU
		{1FFBBBB7-DDE6-4BA5-BBBE-016DB945D30E}.Release|Any CPU.ActiveCfg = Release|Any CPU
		{1FFBBBB7-DDE6-4BA5-BBBE-016DB945D30E}.Release|Any CPU.Build.0 = Release|Any CPU
		{F42E089B-01C4-476D-9676-5E86116159BB}.Debug|Any CPU.ActiveCfg = Debug|Any CPU
		{F42E089B-01C4-476D-9676-5E86116159BB}.Debug|Any CPU.Build.0 = Debug|Any CPU
		{F42E089B-01C4-476D-9676-5E86116159BB}.Release|Any CPU.ActiveCfg = Release|Any CPU
		{F42E089B-01C4-476D-9676-5E86116159BB}.Release|Any CPU.Build.0 = Release|Any CPU
	EndGlobalSection
	GlobalSection(SolutionProperties) = preSolution
		HideSolutionNode = FALSE
	EndGlobalSection
	GlobalSection(ExtensibilityGlobals) = postSolution
		SolutionGuid = {7946A704-84E8-4527-AED4-A96EFFEF69D8}
	EndGlobalSection
EndGlobal
